// !$*UTF8*$!
{
	archiveVersion = 1;
	classes = {
	};
	objectVersion = 56;
	objects = {

/* Begin PBXBuildFile section */
		1A3F39DB2C3FF53800DD74C6 /* TopImageBottomLabelCell.xib in Resources */ = {isa = PBXBuildFile; fileRef = 1A3F39DA2C3FF53800DD74C6 /* TopImageBottomLabelCell.xib */; };
		1A3F39DC2C3FF53800DD74C6 /* TopImageBottomLabelCell.swift in Sources */ = {isa = PBXBuildFile; fileRef = 1A3F39D92C3FF53800DD74C6 /* TopImageBottomLabelCell.swift */; };
		1A3F39DF2C40047900DD74C6 /* Kingfisher in Frameworks */ = {isa = PBXBuildFile; productRef = 1A3F39DE2C40047900DD74C6 /* Kingfisher */; };
		1AA523E32C422FA8000C9FC8 /* Extension.swift in Sources */ = {isa = PBXBuildFile; fileRef = 1AA523E22C422FA8000C9FC8 /* Extension.swift */; };
		1AA523E52C423167000C9FC8 /* NetworkConstants.swift in Sources */ = {isa = PBXBuildFile; fileRef = 1AA523E42C423167000C9FC8 /* NetworkConstants.swift */; };
		1AA523E72C42357C000C9FC8 /* Endpoint.swift in Sources */ = {isa = PBXBuildFile; fileRef = 1AA523E62C42357C000C9FC8 /* Endpoint.swift */; };
		1AA523EA2C423801000C9FC8 /* ActorController.swift in Sources */ = {isa = PBXBuildFile; fileRef = 1AA523E92C423801000C9FC8 /* ActorController.swift */; };
		1AA523EE2C423837000C9FC8 /* ActorViewModel.swift in Sources */ = {isa = PBXBuildFile; fileRef = 1AA523ED2C423837000C9FC8 /* ActorViewModel.swift */; };
		1AA523F02C423B7B000C9FC8 /* Actor.swift in Sources */ = {isa = PBXBuildFile; fileRef = 1AA523EF2C423B7B000C9FC8 /* Actor.swift */; };
		1AF1EB352C3EED0B00907072 /* HomeCell.swift in Sources */ = {isa = PBXBuildFile; fileRef = 1AF1EB332C3EED0B00907072 /* HomeCell.swift */; };
		1AF1EB362C3EED0B00907072 /* HomeCell.xib in Resources */ = {isa = PBXBuildFile; fileRef = 1AF1EB342C3EED0B00907072 /* HomeCell.xib */; };
		FE6AD74A2C3ECF38009BF3A7 /* AppDelegate.swift in Sources */ = {isa = PBXBuildFile; fileRef = FE6AD7492C3ECF38009BF3A7 /* AppDelegate.swift */; };
		FE6AD74C2C3ECF38009BF3A7 /* SceneDelegate.swift in Sources */ = {isa = PBXBuildFile; fileRef = FE6AD74B2C3ECF38009BF3A7 /* SceneDelegate.swift */; };
		FE6AD7512C3ECF38009BF3A7 /* Base in Resources */ = {isa = PBXBuildFile; fileRef = FE6AD7502C3ECF38009BF3A7 /* Base */; };
		FE6AD7532C3ECF3A009BF3A7 /* Assets.xcassets in Resources */ = {isa = PBXBuildFile; fileRef = FE6AD7522C3ECF3A009BF3A7 /* Assets.xcassets */; };
		FE6AD7562C3ECF3A009BF3A7 /* Base in Resources */ = {isa = PBXBuildFile; fileRef = FE6AD7552C3ECF3A009BF3A7 /* Base */; };
		FE6AD7602C3ECF8B009BF3A7 /* HomeController.swift in Sources */ = {isa = PBXBuildFile; fileRef = FE6AD75F2C3ECF8B009BF3A7 /* HomeController.swift */; };
		FE6AD7622C3ECF91009BF3A7 /* HomeViewModel.swift in Sources */ = {isa = PBXBuildFile; fileRef = FE6AD7612C3ECF91009BF3A7 /* HomeViewModel.swift */; };
		FE6AD7652C3ECFA1009BF3A7 /* Movie.swift in Sources */ = {isa = PBXBuildFile; fileRef = FE6AD7632C3ECFA1009BF3A7 /* Movie.swift */; };
		FE6AD76C2C3ECFB2009BF3A7 /* NetworkManager.swift in Sources */ = {isa = PBXBuildFile; fileRef = FE6AD7682C3ECFB2009BF3A7 /* NetworkManager.swift */; };
		FE6AD76F2C3ECFDD009BF3A7 /* Alamofire in Frameworks */ = {isa = PBXBuildFile; productRef = FE6AD76E2C3ECFDD009BF3A7 /* Alamofire */; };
/* End PBXBuildFile section */

/* Begin PBXFileReference section */
		1A3F39D92C3FF53800DD74C6 /* TopImageBottomLabelCell.swift */ = {isa = PBXFileReference; lastKnownFileType = sourcecode.swift; path = TopImageBottomLabelCell.swift; sourceTree = "<group>"; };
		1A3F39DA2C3FF53800DD74C6 /* TopImageBottomLabelCell.xib */ = {isa = PBXFileReference; lastKnownFileType = file.xib; path = TopImageBottomLabelCell.xib; sourceTree = "<group>"; };
		1AA523E22C422FA8000C9FC8 /* Extension.swift */ = {isa = PBXFileReference; lastKnownFileType = sourcecode.swift; path = Extension.swift; sourceTree = "<group>"; };
		1AA523E42C423167000C9FC8 /* NetworkConstants.swift */ = {isa = PBXFileReference; lastKnownFileType = sourcecode.swift; path = NetworkConstants.swift; sourceTree = "<group>"; };
		1AA523E62C42357C000C9FC8 /* Endpoint.swift */ = {isa = PBXFileReference; lastKnownFileType = sourcecode.swift; path = Endpoint.swift; sourceTree = "<group>"; };
		1AA523E92C423801000C9FC8 /* ActorController.swift */ = {isa = PBXFileReference; lastKnownFileType = sourcecode.swift; path = ActorController.swift; sourceTree = "<group>"; };
		1AA523ED2C423837000C9FC8 /* ActorViewModel.swift */ = {isa = PBXFileReference; lastKnownFileType = sourcecode.swift; path = ActorViewModel.swift; sourceTree = "<group>"; };
		1AA523EF2C423B7B000C9FC8 /* Actor.swift */ = {isa = PBXFileReference; lastKnownFileType = sourcecode.swift; path = Actor.swift; sourceTree = "<group>"; };
		1AF1EB332C3EED0B00907072 /* HomeCell.swift */ = {isa = PBXFileReference; lastKnownFileType = sourcecode.swift; path = HomeCell.swift; sourceTree = "<group>"; };
		1AF1EB342C3EED0B00907072 /* HomeCell.xib */ = {isa = PBXFileReference; lastKnownFileType = file.xib; path = HomeCell.xib; sourceTree = "<group>"; };
		FE6AD7462C3ECF38009BF3A7 /* MovieAppProject.app */ = {isa = PBXFileReference; explicitFileType = wrapper.application; includeInIndex = 0; path = MovieAppProject.app; sourceTree = BUILT_PRODUCTS_DIR; };
		FE6AD7492C3ECF38009BF3A7 /* AppDelegate.swift */ = {isa = PBXFileReference; lastKnownFileType = sourcecode.swift; path = AppDelegate.swift; sourceTree = "<group>"; };
		FE6AD74B2C3ECF38009BF3A7 /* SceneDelegate.swift */ = {isa = PBXFileReference; lastKnownFileType = sourcecode.swift; path = SceneDelegate.swift; sourceTree = "<group>"; };
		FE6AD7502C3ECF38009BF3A7 /* Base */ = {isa = PBXFileReference; lastKnownFileType = file.storyboard; name = Base; path = Base.lproj/Main.storyboard; sourceTree = "<group>"; };
		FE6AD7522C3ECF3A009BF3A7 /* Assets.xcassets */ = {isa = PBXFileReference; lastKnownFileType = folder.assetcatalog; path = Assets.xcassets; sourceTree = "<group>"; };
		FE6AD7552C3ECF3A009BF3A7 /* Base */ = {isa = PBXFileReference; lastKnownFileType = file.storyboard; name = Base; path = Base.lproj/LaunchScreen.storyboard; sourceTree = "<group>"; };
		FE6AD7572C3ECF3A009BF3A7 /* Info.plist */ = {isa = PBXFileReference; lastKnownFileType = text.plist.xml; path = Info.plist; sourceTree = "<group>"; };
		FE6AD75F2C3ECF8B009BF3A7 /* HomeController.swift */ = {isa = PBXFileReference; lastKnownFileType = sourcecode.swift; path = HomeController.swift; sourceTree = "<group>"; };
		FE6AD7612C3ECF91009BF3A7 /* HomeViewModel.swift */ = {isa = PBXFileReference; lastKnownFileType = sourcecode.swift; path = HomeViewModel.swift; sourceTree = "<group>"; };
		FE6AD7632C3ECFA1009BF3A7 /* Movie.swift */ = {isa = PBXFileReference; fileEncoding = 4; lastKnownFileType = sourcecode.swift; path = Movie.swift; sourceTree = "<group>"; };
		FE6AD7682C3ECFB2009BF3A7 /* NetworkManager.swift */ = {isa = PBXFileReference; fileEncoding = 4; lastKnownFileType = sourcecode.swift; path = NetworkManager.swift; sourceTree = "<group>"; };
/* End PBXFileReference section */

/* Begin PBXFrameworksBuildPhase section */
		FE6AD7432C3ECF38009BF3A7 /* Frameworks */ = {
			isa = PBXFrameworksBuildPhase;
			buildActionMask = 2147483647;
			files = (
				1A3F39DF2C40047900DD74C6 /* Kingfisher in Frameworks */,
				FE6AD76F2C3ECFDD009BF3A7 /* Alamofire in Frameworks */,
			);
			runOnlyForDeploymentPostprocessing = 0;
		};
/* End PBXFrameworksBuildPhase section */

/* Begin PBXGroup section */
		1A3F39D82C3FF50D00DD74C6 /* ReusableView */ = {
			isa = PBXGroup;
			children = (
				1A3F39D92C3FF53800DD74C6 /* TopImageBottomLabelCell.swift */,
				1A3F39DA2C3FF53800DD74C6 /* TopImageBottomLabelCell.xib */,
			);
			path = ReusableView;
			sourceTree = "<group>";
		};
		1AA523E12C422F94000C9FC8 /* Helper */ = {
			isa = PBXGroup;
			children = (
				1AA523E22C422FA8000C9FC8 /* Extension.swift */,
			);
			path = Helper;
			sourceTree = "<group>";
		};
		1AA523E82C4237D2000C9FC8 /* Actor */ = {
			isa = PBXGroup;
			children = (
				1AA523E92C423801000C9FC8 /* ActorController.swift */,
				1AA523ED2C423837000C9FC8 /* ActorViewModel.swift */,
				1AA523EF2C423B7B000C9FC8 /* Actor.swift */,
			);
			path = Actor;
			sourceTree = "<group>";
		};
		FE6AD73D2C3ECF38009BF3A7 = {
			isa = PBXGroup;
			children = (
				FE6AD7482C3ECF38009BF3A7 /* MovieAppProject */,
				FE6AD7472C3ECF38009BF3A7 /* Products */,
			);
			sourceTree = "<group>";
		};
		FE6AD7472C3ECF38009BF3A7 /* Products */ = {
			isa = PBXGroup;
			children = (
				FE6AD7462C3ECF38009BF3A7 /* MovieAppProject.app */,
			);
			name = Products;
			sourceTree = "<group>";
		};
		FE6AD7482C3ECF38009BF3A7 /* MovieAppProject */ = {
			isa = PBXGroup;
			children = (
				FE6AD7492C3ECF38009BF3A7 /* AppDelegate.swift */,
				FE6AD74B2C3ECF38009BF3A7 /* SceneDelegate.swift */,
				FE6AD7692C3ECFB2009BF3A7 /* Network */,
				1AA523E12C422F94000C9FC8 /* Helper */,
				1A3F39D82C3FF50D00DD74C6 /* ReusableView */,
				FE6AD7642C3ECFA1009BF3A7 /* Model */,
				FE6AD75D2C3ECF7A009BF3A7 /* Scene */,
				FE6AD74F2C3ECF38009BF3A7 /* Main.storyboard */,
				FE6AD7522C3ECF3A009BF3A7 /* Assets.xcassets */,
				FE6AD7542C3ECF3A009BF3A7 /* LaunchScreen.storyboard */,
				FE6AD7572C3ECF3A009BF3A7 /* Info.plist */,
			);
			path = MovieAppProject;
			sourceTree = "<group>";
		};
		FE6AD75D2C3ECF7A009BF3A7 /* Scene */ = {
			isa = PBXGroup;
			children = (
				1AA523E82C4237D2000C9FC8 /* Actor */,
				FE6AD75E2C3ECF81009BF3A7 /* Home */,
			);
			path = Scene;
			sourceTree = "<group>";
		};
		FE6AD75E2C3ECF81009BF3A7 /* Home */ = {
			isa = PBXGroup;
			children = (
				FE6AD75F2C3ECF8B009BF3A7 /* HomeController.swift */,
				FE6AD7612C3ECF91009BF3A7 /* HomeViewModel.swift */,
				1AF1EB332C3EED0B00907072 /* HomeCell.swift */,
				1AF1EB342C3EED0B00907072 /* HomeCell.xib */,
			);
			path = Home;
			sourceTree = "<group>";
		};
		FE6AD7642C3ECFA1009BF3A7 /* Model */ = {
			isa = PBXGroup;
			children = (
				FE6AD7632C3ECFA1009BF3A7 /* Movie.swift */,
			);
			path = Model;
			sourceTree = "<group>";
		};
		FE6AD7692C3ECFB2009BF3A7 /* Network */ = {
			isa = PBXGroup;
			children = (
				FE6AD7682C3ECFB2009BF3A7 /* NetworkManager.swift */,
				1AA523E42C423167000C9FC8 /* NetworkConstants.swift */,
				1AA523E62C42357C000C9FC8 /* Endpoint.swift */,
			);
			path = Network;
			sourceTree = "<group>";
		};
/* End PBXGroup section */

/* Begin PBXNativeTarget section */
		FE6AD7452C3ECF38009BF3A7 /* MovieAppProject */ = {
			isa = PBXNativeTarget;
			buildConfigurationList = FE6AD75A2C3ECF3A009BF3A7 /* Build configuration list for PBXNativeTarget "MovieAppProject" */;
			buildPhases = (
				FE6AD7422C3ECF38009BF3A7 /* Sources */,
				FE6AD7432C3ECF38009BF3A7 /* Frameworks */,
				FE6AD7442C3ECF38009BF3A7 /* Resources */,
			);
			buildRules = (
			);
			dependencies = (
			);
			name = MovieAppProject;
			packageProductDependencies = (
				FE6AD76E2C3ECFDD009BF3A7 /* Alamofire */,
				1A3F39DE2C40047900DD74C6 /* Kingfisher */,
			);
			productName = MovieAppProject;
			productReference = FE6AD7462C3ECF38009BF3A7 /* MovieAppProject.app */;
			productType = "com.apple.product-type.application";
		};
/* End PBXNativeTarget section */

/* Begin PBXProject section */
		FE6AD73E2C3ECF38009BF3A7 /* Project object */ = {
			isa = PBXProject;
			attributes = {
				BuildIndependentTargetsInParallel = 1;
				LastSwiftUpdateCheck = 1540;
				LastUpgradeCheck = 1540;
				TargetAttributes = {
					FE6AD7452C3ECF38009BF3A7 = {
						CreatedOnToolsVersion = 15.4;
					};
				};
			};
			buildConfigurationList = FE6AD7412C3ECF38009BF3A7 /* Build configuration list for PBXProject "MovieAppProject" */;
			compatibilityVersion = "Xcode 14.0";
			developmentRegion = en;
			hasScannedForEncodings = 0;
			knownRegions = (
				en,
				Base,
			);
			mainGroup = FE6AD73D2C3ECF38009BF3A7;
			packageReferences = (
				FE6AD76D2C3ECFDD009BF3A7 /* XCRemoteSwiftPackageReference "Alamofire" */,
				1A3F39DD2C40047900DD74C6 /* XCRemoteSwiftPackageReference "Kingfisher" */,
			);
			productRefGroup = FE6AD7472C3ECF38009BF3A7 /* Products */;
			projectDirPath = "";
			projectRoot = "";
			targets = (
				FE6AD7452C3ECF38009BF3A7 /* MovieAppProject */,
			);
		};
/* End PBXProject section */

/* Begin PBXResourcesBuildPhase section */
		FE6AD7442C3ECF38009BF3A7 /* Resources */ = {
			isa = PBXResourcesBuildPhase;
			buildActionMask = 2147483647;
			files = (
				FE6AD7532C3ECF3A009BF3A7 /* Assets.xcassets in Resources */,
				FE6AD7562C3ECF3A009BF3A7 /* Base in Resources */,
				1AF1EB362C3EED0B00907072 /* HomeCell.xib in Resources */,
				FE6AD7512C3ECF38009BF3A7 /* Base in Resources */,
				1A3F39DB2C3FF53800DD74C6 /* TopImageBottomLabelCell.xib in Resources */,
			);
			runOnlyForDeploymentPostprocessing = 0;
		};
/* End PBXResourcesBuildPhase section */

/* Begin PBXSourcesBuildPhase section */
		FE6AD7422C3ECF38009BF3A7 /* Sources */ = {
			isa = PBXSourcesBuildPhase;
			buildActionMask = 2147483647;
			files = (
				1AA523E32C422FA8000C9FC8 /* Extension.swift in Sources */,
				FE6AD74A2C3ECF38009BF3A7 /* AppDelegate.swift in Sources */,
				1AA523E52C423167000C9FC8 /* NetworkConstants.swift in Sources */,
				1AF1EB352C3EED0B00907072 /* HomeCell.swift in Sources */,
				1A3F39DC2C3FF53800DD74C6 /* TopImageBottomLabelCell.swift in Sources */,
				1AA523EA2C423801000C9FC8 /* ActorController.swift in Sources */,
				1AA523F02C423B7B000C9FC8 /* Actor.swift in Sources */,
				FE6AD74C2C3ECF38009BF3A7 /* SceneDelegate.swift in Sources */,
				FE6AD7602C3ECF8B009BF3A7 /* HomeController.swift in Sources */,
				1AA523EE2C423837000C9FC8 /* ActorViewModel.swift in Sources */,
				FE6AD76C2C3ECFB2009BF3A7 /* NetworkManager.swift in Sources */,
				FE6AD7622C3ECF91009BF3A7 /* HomeViewModel.swift in Sources */,
				1AA523E72C42357C000C9FC8 /* Endpoint.swift in Sources */,
				FE6AD7652C3ECFA1009BF3A7 /* Movie.swift in Sources */,
			);
			runOnlyForDeploymentPostprocessing = 0;
		};
/* End PBXSourcesBuildPhase section */

/* Begin PBXVariantGroup section */
		FE6AD74F2C3ECF38009BF3A7 /* Main.storyboard */ = {
			isa = PBXVariantGroup;
			children = (
				FE6AD7502C3ECF38009BF3A7 /* Base */,
			);
			name = Main.storyboard;
			sourceTree = "<group>";
		};
		FE6AD7542C3ECF3A009BF3A7 /* LaunchScreen.storyboard */ = {
			isa = PBXVariantGroup;
			children = (
				FE6AD7552C3ECF3A009BF3A7 /* Base */,
			);
			name = LaunchScreen.storyboard;
			sourceTree = "<group>";
		};
/* End PBXVariantGroup section */

/* Begin XCBuildConfiguration section */
		FE6AD7582C3ECF3A009BF3A7 /* Debug */ = {
			isa = XCBuildConfiguration;
			buildSettings = {
				ALWAYS_SEARCH_USER_PATHS = NO;
				ASSETCATALOG_COMPILER_GENERATE_SWIFT_ASSET_SYMBOL_EXTENSIONS = YES;
				CLANG_ANALYZER_NONNULL = YES;
				CLANG_ANALYZER_NUMBER_OBJECT_CONVERSION = YES_AGGRESSIVE;
				CLANG_CXX_LANGUAGE_STANDARD = "gnu++20";
				CLANG_ENABLE_MODULES = YES;
				CLANG_ENABLE_OBJC_ARC = YES;
				CLANG_ENABLE_OBJC_WEAK = YES;
				CLANG_WARN_BLOCK_CAPTURE_AUTORELEASING = YES;
				CLANG_WARN_BOOL_CONVERSION = YES;
				CLANG_WARN_COMMA = YES;
				CLANG_WARN_CONSTANT_CONVERSION = YES;
				CLANG_WARN_DEPRECATED_OBJC_IMPLEMENTATIONS = YES;
				CLANG_WARN_DIRECT_OBJC_ISA_USAGE = YES_ERROR;
				CLANG_WARN_DOCUMENTATION_COMMENTS = YES;
				CLANG_WARN_EMPTY_BODY = YES;
				CLANG_WARN_ENUM_CONVERSION = YES;
				CLANG_WARN_INFINITE_RECURSION = YES;
				CLANG_WARN_INT_CONVERSION = YES;
				CLANG_WARN_NON_LITERAL_NULL_CONVERSION = YES;
				CLANG_WARN_OBJC_IMPLICIT_RETAIN_SELF = YES;
				CLANG_WARN_OBJC_LITERAL_CONVERSION = YES;
				CLANG_WARN_OBJC_ROOT_CLASS = YES_ERROR;
				CLANG_WARN_QUOTED_INCLUDE_IN_FRAMEWORK_HEADER = YES;
				CLANG_WARN_RANGE_LOOP_ANALYSIS = YES;
				CLANG_WARN_STRICT_PROTOTYPES = YES;
				CLANG_WARN_SUSPICIOUS_MOVE = YES;
				CLANG_WARN_UNGUARDED_AVAILABILITY = YES_AGGRESSIVE;
				CLANG_WARN_UNREACHABLE_CODE = YES;
				CLANG_WARN__DUPLICATE_METHOD_MATCH = YES;
				COPY_PHASE_STRIP = NO;
				DEBUG_INFORMATION_FORMAT = dwarf;
				ENABLE_STRICT_OBJC_MSGSEND = YES;
				ENABLE_TESTABILITY = YES;
				ENABLE_USER_SCRIPT_SANDBOXING = YES;
				GCC_C_LANGUAGE_STANDARD = gnu17;
				GCC_DYNAMIC_NO_PIC = NO;
				GCC_NO_COMMON_BLOCKS = YES;
				GCC_OPTIMIZATION_LEVEL = 0;
				GCC_PREPROCESSOR_DEFINITIONS = (
					"DEBUG=1",
					"$(inherited)",
				);
				GCC_WARN_64_TO_32_BIT_CONVERSION = YES;
				GCC_WARN_ABOUT_RETURN_TYPE = YES_ERROR;
				GCC_WARN_UNDECLARED_SELECTOR = YES;
				GCC_WARN_UNINITIALIZED_AUTOS = YES_AGGRESSIVE;
				GCC_WARN_UNUSED_FUNCTION = YES;
				GCC_WARN_UNUSED_VARIABLE = YES;
				IPHONEOS_DEPLOYMENT_TARGET = 17.5;
				LOCALIZATION_PREFERS_STRING_CATALOGS = YES;
				MTL_ENABLE_DEBUG_INFO = INCLUDE_SOURCE;
				MTL_FAST_MATH = YES;
				ONLY_ACTIVE_ARCH = YES;
				SDKROOT = iphoneos;
				SWIFT_ACTIVE_COMPILATION_CONDITIONS = "DEBUG $(inherited)";
				SWIFT_OPTIMIZATION_LEVEL = "-Onone";
			};
			name = Debug;
		};
		FE6AD7592C3ECF3A009BF3A7 /* Release */ = {
			isa = XCBuildConfiguration;
			buildSettings = {
				ALWAYS_SEARCH_USER_PATHS = NO;
				ASSETCATALOG_COMPILER_GENERATE_SWIFT_ASSET_SYMBOL_EXTENSIONS = YES;
				CLANG_ANALYZER_NONNULL = YES;
				CLANG_ANALYZER_NUMBER_OBJECT_CONVERSION = YES_AGGRESSIVE;
				CLANG_CXX_LANGUAGE_STANDARD = "gnu++20";
				CLANG_ENABLE_MODULES = YES;
				CLANG_ENABLE_OBJC_ARC = YES;
				CLANG_ENABLE_OBJC_WEAK = YES;
				CLANG_WARN_BLOCK_CAPTURE_AUTORELEASING = YES;
				CLANG_WARN_BOOL_CONVERSION = YES;
				CLANG_WARN_COMMA = YES;
				CLANG_WARN_CONSTANT_CONVERSION = YES;
				CLANG_WARN_DEPRECATED_OBJC_IMPLEMENTATIONS = YES;
				CLANG_WARN_DIRECT_OBJC_ISA_USAGE = YES_ERROR;
				CLANG_WARN_DOCUMENTATION_COMMENTS = YES;
				CLANG_WARN_EMPTY_BODY = YES;
				CLANG_WARN_ENUM_CONVERSION = YES;
				CLANG_WARN_INFINITE_RECURSION = YES;
				CLANG_WARN_INT_CONVERSION = YES;
				CLANG_WARN_NON_LITERAL_NULL_CONVERSION = YES;
				CLANG_WARN_OBJC_IMPLICIT_RETAIN_SELF = YES;
				CLANG_WARN_OBJC_LITERAL_CONVERSION = YES;
				CLANG_WARN_OBJC_ROOT_CLASS = YES_ERROR;
				CLANG_WARN_QUOTED_INCLUDE_IN_FRAMEWORK_HEADER = YES;
				CLANG_WARN_RANGE_LOOP_ANALYSIS = YES;
				CLANG_WARN_STRICT_PROTOTYPES = YES;
				CLANG_WARN_SUSPICIOUS_MOVE = YES;
				CLANG_WARN_UNGUARDED_AVAILABILITY = YES_AGGRESSIVE;
				CLANG_WARN_UNREACHABLE_CODE = YES;
				CLANG_WARN__DUPLICATE_METHOD_MATCH = YES;
				COPY_PHASE_STRIP = NO;
				DEBUG_INFORMATION_FORMAT = "dwarf-with-dsym";
				ENABLE_NS_ASSERTIONS = NO;
				ENABLE_STRICT_OBJC_MSGSEND = YES;
				ENABLE_USER_SCRIPT_SANDBOXING = YES;
				GCC_C_LANGUAGE_STANDARD = gnu17;
				GCC_NO_COMMON_BLOCKS = YES;
				GCC_WARN_64_TO_32_BIT_CONVERSION = YES;
				GCC_WARN_ABOUT_RETURN_TYPE = YES_ERROR;
				GCC_WARN_UNDECLARED_SELECTOR = YES;
				GCC_WARN_UNINITIALIZED_AUTOS = YES_AGGRESSIVE;
				GCC_WARN_UNUSED_FUNCTION = YES;
				GCC_WARN_UNUSED_VARIABLE = YES;
				IPHONEOS_DEPLOYMENT_TARGET = 17.5;
				LOCALIZATION_PREFERS_STRING_CATALOGS = YES;
				MTL_ENABLE_DEBUG_INFO = NO;
				MTL_FAST_MATH = YES;
				SDKROOT = iphoneos;
				SWIFT_COMPILATION_MODE = wholemodule;
				VALIDATE_PRODUCT = YES;
			};
			name = Release;
		};
		FE6AD75B2C3ECF3A009BF3A7 /* Debug */ = {
			isa = XCBuildConfiguration;
			buildSettings = {
				ASSETCATALOG_COMPILER_APPICON_NAME = AppIcon;
				ASSETCATALOG_COMPILER_GLOBAL_ACCENT_COLOR_NAME = AccentColor;
				CODE_SIGN_IDENTITY = "Apple Development";
				CODE_SIGN_STYLE = Automatic;
				CURRENT_PROJECT_VERSION = 1;
				DEVELOPMENT_TEAM = "";
				GENERATE_INFOPLIST_FILE = YES;
				INFOPLIST_FILE = MovieAppProject/Info.plist;
				INFOPLIST_KEY_UIApplicationSupportsIndirectInputEvents = YES;
				INFOPLIST_KEY_UILaunchStoryboardName = LaunchScreen;
				INFOPLIST_KEY_UIMainStoryboardFile = Main;
				INFOPLIST_KEY_UISupportedInterfaceOrientations_iPad = "UIInterfaceOrientationPortrait UIInterfaceOrientationPortraitUpsideDown UIInterfaceOrientationLandscapeLeft UIInterfaceOrientationLandscapeRight";
				INFOPLIST_KEY_UISupportedInterfaceOrientations_iPhone = "UIInterfaceOrientationPortrait UIInterfaceOrientationLandscapeLeft UIInterfaceOrientationLandscapeRight";
				LD_RUNPATH_SEARCH_PATHS = (
					"$(inherited)",
					"@executable_path/Frameworks",
				);
				MARKETING_VERSION = 1.0;
				PRODUCT_BUNDLE_IDENTIFIER = com.shamkhal.MovieAppProject;
				PRODUCT_NAME = "$(TARGET_NAME)";
				PROVISIONING_PROFILE_SPECIFIER = "";
				SWIFT_EMIT_LOC_STRINGS = YES;
				SWIFT_VERSION = 5.0;
				TARGETED_DEVICE_FAMILY = "1,2";
			};
			name = Debug;
		};
		FE6AD75C2C3ECF3A009BF3A7 /* Release */ = {
			isa = XCBuildConfiguration;
			buildSettings = {
				ASSETCATALOG_COMPILER_APPICON_NAME = AppIcon;
				ASSETCATALOG_COMPILER_GLOBAL_ACCENT_COLOR_NAME = AccentColor;
				CODE_SIGN_IDENTITY = "Apple Development";
				CODE_SIGN_STYLE = Automatic;
				CURRENT_PROJECT_VERSION = 1;
				DEVELOPMENT_TEAM = "";
				GENERATE_INFOPLIST_FILE = YES;
				INFOPLIST_FILE = MovieAppProject/Info.plist;
				INFOPLIST_KEY_UIApplicationSupportsIndirectInputEvents = YES;
				INFOPLIST_KEY_UILaunchStoryboardName = LaunchScreen;
				INFOPLIST_KEY_UIMainStoryboardFile = Main;
				INFOPLIST_KEY_UISupportedInterfaceOrientations_iPad = "UIInterfaceOrientationPortrait UIInterfaceOrientationPortraitUpsideDown UIInterfaceOrientationLandscapeLeft UIInterfaceOrientationLandscapeRight";
				INFOPLIST_KEY_UISupportedInterfaceOrientations_iPhone = "UIInterfaceOrientationPortrait UIInterfaceOrientationLandscapeLeft UIInterfaceOrientationLandscapeRight";
				LD_RUNPATH_SEARCH_PATHS = (
					"$(inherited)",
					"@executable_path/Frameworks",
				);
				MARKETING_VERSION = 1.0;
				PRODUCT_BUNDLE_IDENTIFIER = com.shamkhal.MovieAppProject;
				PRODUCT_NAME = "$(TARGET_NAME)";
				PROVISIONING_PROFILE_SPECIFIER = "";
				SWIFT_EMIT_LOC_STRINGS = YES;
				SWIFT_VERSION = 5.0;
				TARGETED_DEVICE_FAMILY = "1,2";
			};
			name = Release;
		};
/* End XCBuildConfiguration section */

/* Begin XCConfigurationList section */
		FE6AD7412C3ECF38009BF3A7 /* Build configuration list for PBXProject "MovieAppProject" */ = {
			isa = XCConfigurationList;
			buildConfigurations = (
				FE6AD7582C3ECF3A009BF3A7 /* Debug */,
				FE6AD7592C3ECF3A009BF3A7 /* Release */,
			);
			defaultConfigurationIsVisible = 0;
			defaultConfigurationName = Release;
		};
		FE6AD75A2C3ECF3A009BF3A7 /* Build configuration list for PBXNativeTarget "MovieAppProject" */ = {
			isa = XCConfigurationList;
			buildConfigurations = (
				FE6AD75B2C3ECF3A009BF3A7 /* Debug */,
				FE6AD75C2C3ECF3A009BF3A7 /* Release */,
			);
			defaultConfigurationIsVisible = 0;
			defaultConfigurationName = Release;
		};
/* End XCConfigurationList section */

/* Begin XCRemoteSwiftPackageReference section */
		1A3F39DD2C40047900DD74C6 /* XCRemoteSwiftPackageReference "Kingfisher" */ = {
			isa = XCRemoteSwiftPackageReference;
			repositoryURL = "https://github.com/onevcat/Kingfisher.git";
			requirement = {
				kind = upToNextMajorVersion;
				minimumVersion = 7.12.0;
			};
		};
		FE6AD76D2C3ECFDD009BF3A7 /* XCRemoteSwiftPackageReference "Alamofire" */ = {
			isa = XCRemoteSwiftPackageReference;
			repositoryURL = "https://github.com/Alamofire/Alamofire.git";
			requirement = {
				kind = upToNextMajorVersion;
				minimumVersion = 5.9.1;
			};
		};
/* End XCRemoteSwiftPackageReference section */

/* Begin XCSwiftPackageProductDependency section */
		1A3F39DE2C40047900DD74C6 /* Kingfisher */ = {
			isa = XCSwiftPackageProductDependency;
			package = 1A3F39DD2C40047900DD74C6 /* XCRemoteSwiftPackageReference "Kingfisher" */;
			productName = Kingfisher;
		};
		FE6AD76E2C3ECFDD009BF3A7 /* Alamofire */ = {
			isa = XCSwiftPackageProductDependency;
			package = FE6AD76D2C3ECFDD009BF3A7 /* XCRemoteSwiftPackageReference "Alamofire" */;
			productName = Alamofire;
		};
/* End XCSwiftPackageProductDependency section */
	};
	rootObject = FE6AD73E2C3ECF38009BF3A7 /* Project object */;
}
